
Microsoft Visual Studio Solution File, Format Version 12.00
# Visual Studio 15
VisualStudioVersion = 15.0.28307.1622
MinimumVisualStudioVersion = 10.0.40219.1
Project("{8BC9CEB8-8B4A-11D0-8D11-00A0C91BC942}") = "자구실습_HW5_TreeDictionary(2017)", "자구실습_HW5_TreeDictionary(2017)\자구실습_HW5_TreeDictionary(2017).vcxproj", "{FA412194-D1B9-4309-B1CF-F717CADE2E6B}"
EndProject
Global
	GlobalSection(SolutionConfigurationPlatforms) = preSolution
		Debug|x64 = Debug|x64
		Debug|x86 = Debug|x86
		Release|x64 = Release|x64
		Release|x86 = Release|x86
	EndGlobalSection
	GlobalSection(ProjectConfigurationPlatforms) = postSolution
		{FA412194-D1B9-4309-B1CF-F717CADE2E6B}.Debug|x64.ActiveCfg = Debug|x64
		{FA412194-D1B9-4309-B1CF-F717CADE2E6B}.Debug|x64.Build.0 = Debug|x64
		{FA412194-D1B9-4309-B1CF-F717CADE2E6B}.Debug|x86.ActiveCfg = Debug|Win32
		{FA412194-D1B9-4309-B1CF-F717CADE2E6B}.Debug|x86.Build.0 = Debug|Win32
		{FA412194-D1B9-4309-B1CF-F717CADE2E6B}.Release|x64.ActiveCfg = Release|x64
		{FA412194-D1B9-4309-B1CF-F717CADE2E6B}.Release|x64.Build.0 = Release|x64
		{FA412194-D1B9-4309-B1CF-F717CADE2E6B}.Release|x86.ActiveCfg = Release|Win32
		{FA412194-D1B9-4309-B1CF-F717CADE2E6B}.Release|x86.Build.0 = Release|Win32
	EndGlobalSection
	GlobalSection(SolutionProperties) = preSolution
		HideSolutionNode = FALSE
	EndGlobalSection
	GlobalSection(ExtensibilityGlobals) = postSolution
		SolutionGuid = {7F669F1C-6799-4915-B8D9-C766171DB176}
	EndGlobalSection
EndGlobal
